
Microsoft Visual Studio Solution File, Format Version 12.00
# Visual Studio Version 16
VisualStudioVersion = 16.0.30413.136
MinimumVisualStudioVersion = 10.0.40219.1
Project("{9A19103F-16F7-4668-BE54-9A1E7A4F7556}") = "InfoTrackWebApp", "InfoTrackWebApp\InfoTrackWebApp.csproj", "{59B36B49-294E-478F-A333-5D3316A2E268}"
EndProject
Project("{FAE04EC0-301F-11D3-BF4B-00C04F79EFBC}") = "InfoTrack.Library", "InfoTrack.Library\InfoTrack.Library.csproj", "{6FF24718-D448-4839-B3FA-92E55E9EBC60}"
EndProject
Global
	GlobalSection(SolutionConfigurationPlatforms) = preSolution
		Debug|Any CPU = Debug|Any CPU
		Release|Any CPU = Release|Any CPU
	EndGlobalSection
	GlobalSection(ProjectConfigurationPlatforms) = postSolution
		{59B36B49-294E-478F-A333-5D3316A2E268}.Debug|Any CPU.ActiveCfg = Debug|Any CPU
		{59B36B49-294E-478F-A333-5D3316A2E268}.Debug|Any CPU.Build.0 = Debug|Any CPU
		{59B36B49-294E-478F-A333-5D3316A2E268}.Release|Any CPU.ActiveCfg = Release|Any CPU
		{59B36B49-294E-478F-A333-5D3316A2E268}.Release|Any CPU.Build.0 = Release|Any CPU
		{6FF24718-D448-4839-B3FA-92E55E9EBC60}.Debug|Any CPU.ActiveCfg = Debug|Any CPU
		{6FF24718-D448-4839-B3FA-92E55E9EBC60}.Debug|Any CPU.Build.0 = Debug|Any CPU
		{6FF24718-D448-4839-B3FA-92E55E9EBC60}.Release|Any CPU.ActiveCfg = Release|Any CPU
		{6FF24718-D448-4839-B3FA-92E55E9EBC60}.Release|Any CPU.Build.0 = Release|Any CPU
	EndGlobalSection
	GlobalSection(SolutionProperties) = preSolution
		HideSolutionNode = FALSE
	EndGlobalSection
	GlobalSection(ExtensibilityGlobals) = postSolution
		SolutionGuid = {272EB1ED-4657-47F9-B7CA-29F7A1ACF5FE}
	EndGlobalSection
EndGlobal
